
Microsoft Visual Studio Solution File, Format Version 12.00
# Visual Studio Version 16
VisualStudioVersion = 16.0.31205.134
MinimumVisualStudioVersion = 10.0.40219.1
Project("{9A19103F-16F7-4668-BE54-9A1E7A4F7556}") = "StatePattern", "StatePattern\StatePattern.csproj", "{607D80F0-72CC-43E0-9D2D-D6BD2DC1AA6B}"
EndProject
Project("{2150E333-8FDC-42A3-9474-1A3956D46DE8}") = "23 状态模式", "23 状态模式", "{2DA4BE91-5EF1-4045-82CA-3AE4CB2F33B1}"
EndProject
Project("{2150E333-8FDC-42A3-9474-1A3956D46DE8}") = "17 命令模式", "17 命令模式", "{1B8BD44C-CDE5-454E-8491-8209A7721BED}"
EndProject
Project("{FAE04EC0-301F-11D3-BF4B-00C04F79EFBC}") = "CommandPattern", "CommandPattern\CommandPattern.csproj", "{F03BA41B-66AA-416D-9AF7-9B3DC2EA4BEB}"
EndProject
Global
	GlobalSection(SolutionConfigurationPlatforms) = preSolution
		Debug|Any CPU = Debug|Any CPU
		Release|Any CPU = Release|Any CPU
	EndGlobalSection
	GlobalSection(ProjectConfigurationPlatforms) = postSolution
		{607D80F0-72CC-43E0-9D2D-D6BD2DC1AA6B}.Debug|Any CPU.ActiveCfg = Debug|Any CPU
		{607D80F0-72CC-43E0-9D2D-D6BD2DC1AA6B}.Debug|Any CPU.Build.0 = Debug|Any CPU
		{607D80F0-72CC-43E0-9D2D-D6BD2DC1AA6B}.Release|Any CPU.ActiveCfg = Release|Any CPU
		{607D80F0-72CC-43E0-9D2D-D6BD2DC1AA6B}.Release|Any CPU.Build.0 = Release|Any CPU
		{F03BA41B-66AA-416D-9AF7-9B3DC2EA4BEB}.Debug|Any CPU.ActiveCfg = Debug|Any CPU
		{F03BA41B-66AA-416D-9AF7-9B3DC2EA4BEB}.Debug|Any CPU.Build.0 = Debug|Any CPU
		{F03BA41B-66AA-416D-9AF7-9B3DC2EA4BEB}.Release|Any CPU.ActiveCfg = Release|Any CPU
		{F03BA41B-66AA-416D-9AF7-9B3DC2EA4BEB}.Release|Any CPU.Build.0 = Release|Any CPU
	EndGlobalSection
	GlobalSection(SolutionProperties) = preSolution
		HideSolutionNode = FALSE
	EndGlobalSection
	GlobalSection(NestedProjects) = preSolution
		{607D80F0-72CC-43E0-9D2D-D6BD2DC1AA6B} = {2DA4BE91-5EF1-4045-82CA-3AE4CB2F33B1}
		{F03BA41B-66AA-416D-9AF7-9B3DC2EA4BEB} = {1B8BD44C-CDE5-454E-8491-8209A7721BED}
	EndGlobalSection
	GlobalSection(ExtensibilityGlobals) = postSolution
		SolutionGuid = {327ED042-0506-44C3-8398-25D2A446EF6A}
	EndGlobalSection
EndGlobal
