
Microsoft Visual Studio Solution File, Format Version 12.00
# Visual Studio Version 16
VisualStudioVersion = 16.0.31205.134
MinimumVisualStudioVersion = 10.0.40219.1
Project("{9A19103F-16F7-4668-BE54-9A1E7A4F7556}") = "StatePattern", "StatePattern\StatePattern.csproj", "{607D80F0-72CC-43E0-9D2D-D6BD2DC1AA6B}"
EndProject
Project("{2150E333-8FDC-42A3-9474-1A3956D46DE8}") = "23 状态模式", "23 状态模式", "{2DA4BE91-5EF1-4045-82CA-3AE4CB2F33B1}"
EndProject
Project("{2150E333-8FDC-42A3-9474-1A3956D46DE8}") = "17 命令模式", "17 命令模式", "{1B8BD44C-CDE5-454E-8491-8209A7721BED}"
EndProject
Project("{9A19103F-16F7-4668-BE54-9A1E7A4F7556}") = "CommandPattern", "CommandPattern\CommandPattern.csproj", "{F03BA41B-66AA-416D-9AF7-9B3DC2EA4BEB}"
EndProject
Project("{9A19103F-16F7-4668-BE54-9A1E7A4F7556}") = "UnitTests", "UnitTests\UnitTests.csproj", "{E5FF49A1-5C29-4080-B976-B817C852A91B}"
EndProject
Project("{2150E333-8FDC-42A3-9474-1A3956D46DE8}") = "25 模板模式", "25 模板模式", "{02C4304D-B472-46DC-89F5-1A452DD892E4}"
EndProject
Project("{9A19103F-16F7-4668-BE54-9A1E7A4F7556}") = "TemplatePattern", "TemplatePattern\TemplatePattern.csproj", "{585DB2E8-CAE5-4EC8-BE84-45BBFD190855}"
EndProject
Project("{2150E333-8FDC-42A3-9474-1A3956D46DE8}") = "03 单例模式", "03 单例模式", "{926C69EF-9241-4202-ACE4-9866111CC87D}"
EndProject
Project("{9A19103F-16F7-4668-BE54-9A1E7A4F7556}") = "SingletonPattern", "SingletonPattern\SingletonPattern.csproj", "{3649A67F-8E15-41CC-9711-EAE2FD004FDB}"
EndProject
Project("{2150E333-8FDC-42A3-9474-1A3956D46DE8}") = "04 简单工厂模式", "04 简单工厂模式", "{D6440F90-50D1-474A-ABB2-9A6731946306}"
EndProject
Project("{FAE04EC0-301F-11D3-BF4B-00C04F79EFBC}") = "SimpleFactoryPattern", "SimpleFactoryPattern\SimpleFactoryPattern.csproj", "{BD1C0B71-FF6B-43DC-B45C-102732B13EC5}"
EndProject
Global
	GlobalSection(SolutionConfigurationPlatforms) = preSolution
		Debug|Any CPU = Debug|Any CPU
		Release|Any CPU = Release|Any CPU
	EndGlobalSection
	GlobalSection(ProjectConfigurationPlatforms) = postSolution
		{607D80F0-72CC-43E0-9D2D-D6BD2DC1AA6B}.Debug|Any CPU.ActiveCfg = Debug|Any CPU
		{607D80F0-72CC-43E0-9D2D-D6BD2DC1AA6B}.Debug|Any CPU.Build.0 = Debug|Any CPU
		{607D80F0-72CC-43E0-9D2D-D6BD2DC1AA6B}.Release|Any CPU.ActiveCfg = Release|Any CPU
		{607D80F0-72CC-43E0-9D2D-D6BD2DC1AA6B}.Release|Any CPU.Build.0 = Release|Any CPU
		{F03BA41B-66AA-416D-9AF7-9B3DC2EA4BEB}.Debug|Any CPU.ActiveCfg = Debug|Any CPU
		{F03BA41B-66AA-416D-9AF7-9B3DC2EA4BEB}.Debug|Any CPU.Build.0 = Debug|Any CPU
		{F03BA41B-66AA-416D-9AF7-9B3DC2EA4BEB}.Release|Any CPU.ActiveCfg = Release|Any CPU
		{F03BA41B-66AA-416D-9AF7-9B3DC2EA4BEB}.Release|Any CPU.Build.0 = Release|Any CPU
		{E5FF49A1-5C29-4080-B976-B817C852A91B}.Debug|Any CPU.ActiveCfg = Debug|Any CPU
		{E5FF49A1-5C29-4080-B976-B817C852A91B}.Debug|Any CPU.Build.0 = Debug|Any CPU
		{E5FF49A1-5C29-4080-B976-B817C852A91B}.Release|Any CPU.ActiveCfg = Release|Any CPU
		{E5FF49A1-5C29-4080-B976-B817C852A91B}.Release|Any CPU.Build.0 = Release|Any CPU
		{585DB2E8-CAE5-4EC8-BE84-45BBFD190855}.Debug|Any CPU.ActiveCfg = Debug|Any CPU
		{585DB2E8-CAE5-4EC8-BE84-45BBFD190855}.Debug|Any CPU.Build.0 = Debug|Any CPU
		{585DB2E8-CAE5-4EC8-BE84-45BBFD190855}.Release|Any CPU.ActiveCfg = Release|Any CPU
		{585DB2E8-CAE5-4EC8-BE84-45BBFD190855}.Release|Any CPU.Build.0 = Release|Any CPU
		{3649A67F-8E15-41CC-9711-EAE2FD004FDB}.Debug|Any CPU.ActiveCfg = Debug|Any CPU
		{3649A67F-8E15-41CC-9711-EAE2FD004FDB}.Debug|Any CPU.Build.0 = Debug|Any CPU
		{3649A67F-8E15-41CC-9711-EAE2FD004FDB}.Release|Any CPU.ActiveCfg = Release|Any CPU
		{3649A67F-8E15-41CC-9711-EAE2FD004FDB}.Release|Any CPU.Build.0 = Release|Any CPU
		{BD1C0B71-FF6B-43DC-B45C-102732B13EC5}.Debug|Any CPU.ActiveCfg = Debug|Any CPU
		{BD1C0B71-FF6B-43DC-B45C-102732B13EC5}.Debug|Any CPU.Build.0 = Debug|Any CPU
		{BD1C0B71-FF6B-43DC-B45C-102732B13EC5}.Release|Any CPU.ActiveCfg = Release|Any CPU
		{BD1C0B71-FF6B-43DC-B45C-102732B13EC5}.Release|Any CPU.Build.0 = Release|Any CPU
	EndGlobalSection
	GlobalSection(SolutionProperties) = preSolution
		HideSolutionNode = FALSE
	EndGlobalSection
	GlobalSection(NestedProjects) = preSolution
		{607D80F0-72CC-43E0-9D2D-D6BD2DC1AA6B} = {2DA4BE91-5EF1-4045-82CA-3AE4CB2F33B1}
		{F03BA41B-66AA-416D-9AF7-9B3DC2EA4BEB} = {1B8BD44C-CDE5-454E-8491-8209A7721BED}
		{585DB2E8-CAE5-4EC8-BE84-45BBFD190855} = {02C4304D-B472-46DC-89F5-1A452DD892E4}
		{3649A67F-8E15-41CC-9711-EAE2FD004FDB} = {926C69EF-9241-4202-ACE4-9866111CC87D}
		{BD1C0B71-FF6B-43DC-B45C-102732B13EC5} = {D6440F90-50D1-474A-ABB2-9A6731946306}
	EndGlobalSection
	GlobalSection(ExtensibilityGlobals) = postSolution
		SolutionGuid = {327ED042-0506-44C3-8398-25D2A446EF6A}
	EndGlobalSection
EndGlobal
