
Microsoft Visual Studio Solution File, Format Version 12.00
# Visual Studio Version 16
VisualStudioVersion = 16.0.31205.134
MinimumVisualStudioVersion = 10.0.40219.1
Project("{9A19103F-16F7-4668-BE54-9A1E7A4F7556}") = "StatePattern", "StatePattern\StatePattern.csproj", "{607D80F0-72CC-43E0-9D2D-D6BD2DC1AA6B}"
EndProject
Project("{2150E333-8FDC-42A3-9474-1A3956D46DE8}") = "23 状态模式", "23 状态模式", "{2DA4BE91-5EF1-4045-82CA-3AE4CB2F33B1}"
EndProject
Project("{2150E333-8FDC-42A3-9474-1A3956D46DE8}") = "17 命令模式", "17 命令模式", "{1B8BD44C-CDE5-454E-8491-8209A7721BED}"
EndProject
Project("{9A19103F-16F7-4668-BE54-9A1E7A4F7556}") = "CommandPattern", "CommandPattern\CommandPattern.csproj", "{F03BA41B-66AA-416D-9AF7-9B3DC2EA4BEB}"
EndProject
Project("{9A19103F-16F7-4668-BE54-9A1E7A4F7556}") = "UnitTests", "UnitTests\UnitTests.csproj", "{E5FF49A1-5C29-4080-B976-B817C852A91B}"
EndProject
Project("{2150E333-8FDC-42A3-9474-1A3956D46DE8}") = "25 模板模式", "25 模板模式", "{02C4304D-B472-46DC-89F5-1A452DD892E4}"
EndProject
Project("{9A19103F-16F7-4668-BE54-9A1E7A4F7556}") = "TemplatePattern", "TemplatePattern\TemplatePattern.csproj", "{585DB2E8-CAE5-4EC8-BE84-45BBFD190855}"
EndProject
Project("{2150E333-8FDC-42A3-9474-1A3956D46DE8}") = "03 单例模式", "03 单例模式", "{926C69EF-9241-4202-ACE4-9866111CC87D}"
EndProject
Project("{9A19103F-16F7-4668-BE54-9A1E7A4F7556}") = "SingletonPattern", "SingletonPattern\SingletonPattern.csproj", "{3649A67F-8E15-41CC-9711-EAE2FD004FDB}"
EndProject
Project("{2150E333-8FDC-42A3-9474-1A3956D46DE8}") = "04 简单工厂模式", "04 简单工厂模式", "{D6440F90-50D1-474A-ABB2-9A6731946306}"
EndProject
Project("{9A19103F-16F7-4668-BE54-9A1E7A4F7556}") = "SimpleFactoryPattern", "SimpleFactoryPattern\SimpleFactoryPattern.csproj", "{BD1C0B71-FF6B-43DC-B45C-102732B13EC5}"
EndProject
Project("{2150E333-8FDC-42A3-9474-1A3956D46DE8}") = "05 工厂方法模式", "05 工厂方法模式", "{0BA3B1CC-12D1-49A5-A35D-2B6BDCA49E94}"
EndProject
Project("{9A19103F-16F7-4668-BE54-9A1E7A4F7556}") = "FactoryMethodPattern", "FactoryMethodPattern\FactoryMethodPattern.csproj", "{8F90225A-841B-4F99-8E4A-C89C7F14DC6C}"
EndProject
Project("{2150E333-8FDC-42A3-9474-1A3956D46DE8}") = "06 抽象工厂模式", "06 抽象工厂模式", "{08A16269-8EA1-45A2-B304-AC5623149E2C}"
EndProject
Project("{9A19103F-16F7-4668-BE54-9A1E7A4F7556}") = "AbstractFactoryPattern", "AbstractFactoryPattern\AbstractFactoryPattern.csproj", "{F58EF0A7-4A91-44BE-A3A3-6D9C1DD9F456}"
EndProject
Project("{2150E333-8FDC-42A3-9474-1A3956D46DE8}") = "07 原型模式", "07 原型模式", "{BEF0E2E5-1814-49D7-9FB4-97DED599E99A}"
EndProject
Project("{9A19103F-16F7-4668-BE54-9A1E7A4F7556}") = "PrototypePattern", "PrototypePattern\PrototypePattern.csproj", "{EEAC2371-A8E7-460E-B125-5A02BBBC138E}"
EndProject
Project("{2150E333-8FDC-42A3-9474-1A3956D46DE8}") = "08 建造者模式", "08 建造者模式", "{94DC721D-8C86-4891-9ADD-236D75D77AC3}"
EndProject
Project("{9A19103F-16F7-4668-BE54-9A1E7A4F7556}") = "BuilderPattern", "BuilderPattern\BuilderPattern.csproj", "{4727B52D-1FC4-4E73-AA31-035314CAFDC5}"
EndProject
Project("{2150E333-8FDC-42A3-9474-1A3956D46DE8}") = "09 适配器模式", "09 适配器模式", "{BB834747-827E-4931-840D-C2575C9C2CF2}"
EndProject
Project("{9A19103F-16F7-4668-BE54-9A1E7A4F7556}") = "AdapterPattern", "AdapterPattern\AdapterPattern.csproj", "{36296E63-EC8E-4C22-9088-8C0B6EE33410}"
EndProject
Project("{2150E333-8FDC-42A3-9474-1A3956D46DE8}") = "10 桥接模式", "10 桥接模式", "{8E109652-19E8-492A-97F4-AA374F0B4BD1}"
EndProject
Project("{9A19103F-16F7-4668-BE54-9A1E7A4F7556}") = "BridgePattern", "BridgePattern\BridgePattern.csproj", "{BE69CAAE-E3E1-4D4E-AB8F-A274B91C8BE7}"
EndProject
Project("{2150E333-8FDC-42A3-9474-1A3956D46DE8}") = "11 组合模式", "11 组合模式", "{7EFE4E47-42E0-4E7A-948F-64461817B057}"
EndProject
Project("{9A19103F-16F7-4668-BE54-9A1E7A4F7556}") = "CompositePattern", "CompositePattern\CompositePattern.csproj", "{4B281052-A453-4D88-9A39-EFE3E0AE0750}"
EndProject
Project("{2150E333-8FDC-42A3-9474-1A3956D46DE8}") = "12 装饰模式", "12 装饰模式", "{7EE40488-599C-45E3-8F16-71A40F97609A}"
EndProject
Project("{FAE04EC0-301F-11D3-BF4B-00C04F79EFBC}") = "DecoratorPattern", "DecoratorPattern\DecoratorPattern.csproj", "{DC90D4DE-BA96-4C80-9839-D9623D54EFE8}"
EndProject
Global
	GlobalSection(SolutionConfigurationPlatforms) = preSolution
		Debug|Any CPU = Debug|Any CPU
		Release|Any CPU = Release|Any CPU
	EndGlobalSection
	GlobalSection(ProjectConfigurationPlatforms) = postSolution
		{607D80F0-72CC-43E0-9D2D-D6BD2DC1AA6B}.Debug|Any CPU.ActiveCfg = Debug|Any CPU
		{607D80F0-72CC-43E0-9D2D-D6BD2DC1AA6B}.Debug|Any CPU.Build.0 = Debug|Any CPU
		{607D80F0-72CC-43E0-9D2D-D6BD2DC1AA6B}.Release|Any CPU.ActiveCfg = Release|Any CPU
		{607D80F0-72CC-43E0-9D2D-D6BD2DC1AA6B}.Release|Any CPU.Build.0 = Release|Any CPU
		{F03BA41B-66AA-416D-9AF7-9B3DC2EA4BEB}.Debug|Any CPU.ActiveCfg = Debug|Any CPU
		{F03BA41B-66AA-416D-9AF7-9B3DC2EA4BEB}.Debug|Any CPU.Build.0 = Debug|Any CPU
		{F03BA41B-66AA-416D-9AF7-9B3DC2EA4BEB}.Release|Any CPU.ActiveCfg = Release|Any CPU
		{F03BA41B-66AA-416D-9AF7-9B3DC2EA4BEB}.Release|Any CPU.Build.0 = Release|Any CPU
		{E5FF49A1-5C29-4080-B976-B817C852A91B}.Debug|Any CPU.ActiveCfg = Debug|Any CPU
		{E5FF49A1-5C29-4080-B976-B817C852A91B}.Debug|Any CPU.Build.0 = Debug|Any CPU
		{E5FF49A1-5C29-4080-B976-B817C852A91B}.Release|Any CPU.ActiveCfg = Release|Any CPU
		{E5FF49A1-5C29-4080-B976-B817C852A91B}.Release|Any CPU.Build.0 = Release|Any CPU
		{585DB2E8-CAE5-4EC8-BE84-45BBFD190855}.Debug|Any CPU.ActiveCfg = Debug|Any CPU
		{585DB2E8-CAE5-4EC8-BE84-45BBFD190855}.Debug|Any CPU.Build.0 = Debug|Any CPU
		{585DB2E8-CAE5-4EC8-BE84-45BBFD190855}.Release|Any CPU.ActiveCfg = Release|Any CPU
		{585DB2E8-CAE5-4EC8-BE84-45BBFD190855}.Release|Any CPU.Build.0 = Release|Any CPU
		{3649A67F-8E15-41CC-9711-EAE2FD004FDB}.Debug|Any CPU.ActiveCfg = Debug|Any CPU
		{3649A67F-8E15-41CC-9711-EAE2FD004FDB}.Debug|Any CPU.Build.0 = Debug|Any CPU
		{3649A67F-8E15-41CC-9711-EAE2FD004FDB}.Release|Any CPU.ActiveCfg = Release|Any CPU
		{3649A67F-8E15-41CC-9711-EAE2FD004FDB}.Release|Any CPU.Build.0 = Release|Any CPU
		{BD1C0B71-FF6B-43DC-B45C-102732B13EC5}.Debug|Any CPU.ActiveCfg = Debug|Any CPU
		{BD1C0B71-FF6B-43DC-B45C-102732B13EC5}.Debug|Any CPU.Build.0 = Debug|Any CPU
		{BD1C0B71-FF6B-43DC-B45C-102732B13EC5}.Release|Any CPU.ActiveCfg = Release|Any CPU
		{BD1C0B71-FF6B-43DC-B45C-102732B13EC5}.Release|Any CPU.Build.0 = Release|Any CPU
		{8F90225A-841B-4F99-8E4A-C89C7F14DC6C}.Debug|Any CPU.ActiveCfg = Debug|Any CPU
		{8F90225A-841B-4F99-8E4A-C89C7F14DC6C}.Debug|Any CPU.Build.0 = Debug|Any CPU
		{8F90225A-841B-4F99-8E4A-C89C7F14DC6C}.Release|Any CPU.ActiveCfg = Release|Any CPU
		{8F90225A-841B-4F99-8E4A-C89C7F14DC6C}.Release|Any CPU.Build.0 = Release|Any CPU
		{F58EF0A7-4A91-44BE-A3A3-6D9C1DD9F456}.Debug|Any CPU.ActiveCfg = Debug|Any CPU
		{F58EF0A7-4A91-44BE-A3A3-6D9C1DD9F456}.Debug|Any CPU.Build.0 = Debug|Any CPU
		{F58EF0A7-4A91-44BE-A3A3-6D9C1DD9F456}.Release|Any CPU.ActiveCfg = Release|Any CPU
		{F58EF0A7-4A91-44BE-A3A3-6D9C1DD9F456}.Release|Any CPU.Build.0 = Release|Any CPU
		{EEAC2371-A8E7-460E-B125-5A02BBBC138E}.Debug|Any CPU.ActiveCfg = Debug|Any CPU
		{EEAC2371-A8E7-460E-B125-5A02BBBC138E}.Debug|Any CPU.Build.0 = Debug|Any CPU
		{EEAC2371-A8E7-460E-B125-5A02BBBC138E}.Release|Any CPU.ActiveCfg = Release|Any CPU
		{EEAC2371-A8E7-460E-B125-5A02BBBC138E}.Release|Any CPU.Build.0 = Release|Any CPU
		{4727B52D-1FC4-4E73-AA31-035314CAFDC5}.Debug|Any CPU.ActiveCfg = Debug|Any CPU
		{4727B52D-1FC4-4E73-AA31-035314CAFDC5}.Debug|Any CPU.Build.0 = Debug|Any CPU
		{4727B52D-1FC4-4E73-AA31-035314CAFDC5}.Release|Any CPU.ActiveCfg = Release|Any CPU
		{4727B52D-1FC4-4E73-AA31-035314CAFDC5}.Release|Any CPU.Build.0 = Release|Any CPU
		{36296E63-EC8E-4C22-9088-8C0B6EE33410}.Debug|Any CPU.ActiveCfg = Debug|Any CPU
		{36296E63-EC8E-4C22-9088-8C0B6EE33410}.Debug|Any CPU.Build.0 = Debug|Any CPU
		{36296E63-EC8E-4C22-9088-8C0B6EE33410}.Release|Any CPU.ActiveCfg = Release|Any CPU
		{36296E63-EC8E-4C22-9088-8C0B6EE33410}.Release|Any CPU.Build.0 = Release|Any CPU
		{BE69CAAE-E3E1-4D4E-AB8F-A274B91C8BE7}.Debug|Any CPU.ActiveCfg = Debug|Any CPU
		{BE69CAAE-E3E1-4D4E-AB8F-A274B91C8BE7}.Debug|Any CPU.Build.0 = Debug|Any CPU
		{BE69CAAE-E3E1-4D4E-AB8F-A274B91C8BE7}.Release|Any CPU.ActiveCfg = Release|Any CPU
		{BE69CAAE-E3E1-4D4E-AB8F-A274B91C8BE7}.Release|Any CPU.Build.0 = Release|Any CPU
		{4B281052-A453-4D88-9A39-EFE3E0AE0750}.Debug|Any CPU.ActiveCfg = Debug|Any CPU
		{4B281052-A453-4D88-9A39-EFE3E0AE0750}.Debug|Any CPU.Build.0 = Debug|Any CPU
		{4B281052-A453-4D88-9A39-EFE3E0AE0750}.Release|Any CPU.ActiveCfg = Release|Any CPU
		{4B281052-A453-4D88-9A39-EFE3E0AE0750}.Release|Any CPU.Build.0 = Release|Any CPU
		{DC90D4DE-BA96-4C80-9839-D9623D54EFE8}.Debug|Any CPU.ActiveCfg = Debug|Any CPU
		{DC90D4DE-BA96-4C80-9839-D9623D54EFE8}.Debug|Any CPU.Build.0 = Debug|Any CPU
		{DC90D4DE-BA96-4C80-9839-D9623D54EFE8}.Release|Any CPU.ActiveCfg = Release|Any CPU
		{DC90D4DE-BA96-4C80-9839-D9623D54EFE8}.Release|Any CPU.Build.0 = Release|Any CPU
	EndGlobalSection
	GlobalSection(SolutionProperties) = preSolution
		HideSolutionNode = FALSE
	EndGlobalSection
	GlobalSection(NestedProjects) = preSolution
		{607D80F0-72CC-43E0-9D2D-D6BD2DC1AA6B} = {2DA4BE91-5EF1-4045-82CA-3AE4CB2F33B1}
		{F03BA41B-66AA-416D-9AF7-9B3DC2EA4BEB} = {1B8BD44C-CDE5-454E-8491-8209A7721BED}
		{585DB2E8-CAE5-4EC8-BE84-45BBFD190855} = {02C4304D-B472-46DC-89F5-1A452DD892E4}
		{3649A67F-8E15-41CC-9711-EAE2FD004FDB} = {926C69EF-9241-4202-ACE4-9866111CC87D}
		{BD1C0B71-FF6B-43DC-B45C-102732B13EC5} = {D6440F90-50D1-474A-ABB2-9A6731946306}
		{8F90225A-841B-4F99-8E4A-C89C7F14DC6C} = {0BA3B1CC-12D1-49A5-A35D-2B6BDCA49E94}
		{F58EF0A7-4A91-44BE-A3A3-6D9C1DD9F456} = {08A16269-8EA1-45A2-B304-AC5623149E2C}
		{EEAC2371-A8E7-460E-B125-5A02BBBC138E} = {BEF0E2E5-1814-49D7-9FB4-97DED599E99A}
		{4727B52D-1FC4-4E73-AA31-035314CAFDC5} = {94DC721D-8C86-4891-9ADD-236D75D77AC3}
		{36296E63-EC8E-4C22-9088-8C0B6EE33410} = {BB834747-827E-4931-840D-C2575C9C2CF2}
		{BE69CAAE-E3E1-4D4E-AB8F-A274B91C8BE7} = {8E109652-19E8-492A-97F4-AA374F0B4BD1}
		{4B281052-A453-4D88-9A39-EFE3E0AE0750} = {7EFE4E47-42E0-4E7A-948F-64461817B057}
		{DC90D4DE-BA96-4C80-9839-D9623D54EFE8} = {7EE40488-599C-45E3-8F16-71A40F97609A}
	EndGlobalSection
	GlobalSection(ExtensibilityGlobals) = postSolution
		SolutionGuid = {327ED042-0506-44C3-8398-25D2A446EF6A}
	EndGlobalSection
EndGlobal
